{
  "originHash" : "fa4c825889f79cc1e81bcdf9d92ca970145d536717dc261496d2d5b918d6b8b6",
  "pins" : [
    {
      "identity" : "blobby-swift",
      "kind" : "remoteSourceControl",
      "location" : "https://github.com/nixberg/blobby-swift",
      "state" : {
        "revision" : "05963eb236191a4318cd35ae112d21db895aafa8",
        "version" : "0.2.0"
      }
    },
    {
      "identity" : "crypto-swift",
      "kind" : "remoteSourceControl",
      "location" : "https://github.com/nixberg/crypto-swift.git",
      "state" : {
        "branch" : "main",
        "revision" : "6b6f3e3292750a696a4bd2e0fddc83cc91937bcc"
      }
    },
    {
      "identity" : "swift-collections",
      "kind" : "remoteSourceControl",
      "location" : "https://github.com/apple/swift-collections",
      "state" : {
        "revision" : "8c0c0a8b49e080e54e5e328cc552821ff07cd341",
        "version" : "1.2.1"
      }
    },
    {
      "identity" : "tuple-sequences-swift",
      "kind" : "remoteSourceControl",
      "location" : "https://github.com/nixberg/tuple-sequences-swift",
      "state" : {
        "revision" : "437df02bc51c76bdbe400767e24d9ae3bad7207a",
        "version" : "1.1.0"
      }
    }
  ],
  "version" : 3
}
