{
  "originHash" : "e8e448537594c5d7ea416039e6b6f96085c2e9628744444d37506986832f7e52",
  "pins" : [
    {
      "identity" : "blobby-swift",
      "kind" : "remoteSourceControl",
      "location" : "https://github.com/nixberg/blobby-swift",
      "state" : {
        "revision" : "05963eb236191a4318cd35ae112d21db895aafa8",
        "version" : "0.2.0"
      }
    },
    {
      "identity" : "crypto-swift",
      "kind" : "remoteSourceControl",
      "location" : "https://github.com/nixberg/crypto-swift.git",
      "state" : {
        "branch" : "main",
        "revision" : "e3535c7884ef39e27e690e8ce154502890435196"
      }
    },
    {
      "identity" : "swift-collections",
      "kind" : "remoteSourceControl",
      "location" : "https://github.com/apple/swift-collections",
      "state" : {
        "revision" : "8c0c0a8b49e080e54e5e328cc552821ff07cd341",
        "version" : "1.2.1"
      }
    },
    {
      "identity" : "tuple-sequences-swift",
      "kind" : "remoteSourceControl",
      "location" : "https://github.com/nixberg/tuple-sequences-swift",
      "state" : {
        "revision" : "437df02bc51c76bdbe400767e24d9ae3bad7207a",
        "version" : "1.1.0"
      }
    }
  ],
  "version" : 3
}
